
Microsoft Visual Studio Solution File, Format Version 12.00
# Visual Studio Version 16
VisualStudioVersion = 16.0.30907.101
MinimumVisualStudioVersion = 10.0.40219.1
Project("{8BC9CEB8-8B4A-11D0-8D11-00A0C91BC942}") = "MusicApp", "MusicApp\MusicApp.vcxproj", "{8F91455E-B28C-4C34-81D7-E02DEE3EDFBA}"
EndProject
Global
	GlobalSection(SolutionConfigurationPlatforms) = preSolution
		Debug|x64 = Debug|x64
		Debug|x86 = Debug|x86
		Release|x64 = Release|x64
		Release|x86 = Release|x86
	EndGlobalSection
	GlobalSection(ProjectConfigurationPlatforms) = postSolution
		{8F91455E-B28C-4C34-81D7-E02DEE3EDFBA}.Debug|x64.ActiveCfg = Debug|x64
		{8F91455E-B28C-4C34-81D7-E02DEE3EDFBA}.Debug|x64.Build.0 = Debug|x64
		{8F91455E-B28C-4C34-81D7-E02DEE3EDFBA}.Debug|x86.ActiveCfg = Debug|Win32
		{8F91455E-B28C-4C34-81D7-E02DEE3EDFBA}.Debug|x86.Build.0 = Debug|Win32
		{8F91455E-B28C-4C34-81D7-E02DEE3EDFBA}.Release|x64.ActiveCfg = Release|x64
		{8F91455E-B28C-4C34-81D7-E02DEE3EDFBA}.Release|x64.Build.0 = Release|x64
		{8F91455E-B28C-4C34-81D7-E02DEE3EDFBA}.Release|x86.ActiveCfg = Release|Win32
		{8F91455E-B28C-4C34-81D7-E02DEE3EDFBA}.Release|x86.Build.0 = Release|Win32
	EndGlobalSection
	GlobalSection(SolutionProperties) = preSolution
		HideSolutionNode = FALSE
	EndGlobalSection
	GlobalSection(ExtensibilityGlobals) = postSolution
		SolutionGuid = {DC920EC0-F46A-4F97-9F4B-939A604AE318}
	EndGlobalSection
EndGlobal
